
Microsoft Visual Studio Solution File, Format Version 12.00
# Visual Studio Version 17
VisualStudioVersion = 17.4.33110.190
MinimumVisualStudioVersion = 10.0.40219.1
Project("{9A19103F-16F7-4668-BE54-9A1E7A4F7556}") = "BenzinOtomasyonu", "BenzinOtamasyonu\BenzinOtomasyonu.csproj", "{4E9337D1-FA64-4AF6-8887-CC2AFC77911B}"
EndProject
Global
	GlobalSection(SolutionConfigurationPlatforms) = preSolution
		Debug|Any CPU = Debug|Any CPU
		Release|Any CPU = Release|Any CPU
	EndGlobalSection
	GlobalSection(ProjectConfigurationPlatforms) = postSolution
		{4E9337D1-FA64-4AF6-8887-CC2AFC77911B}.Debug|Any CPU.ActiveCfg = Debug|Any CPU
		{4E9337D1-FA64-4AF6-8887-CC2AFC77911B}.Debug|Any CPU.Build.0 = Debug|Any CPU
		{4E9337D1-FA64-4AF6-8887-CC2AFC77911B}.Release|Any CPU.ActiveCfg = Release|Any CPU
		{4E9337D1-FA64-4AF6-8887-CC2AFC77911B}.Release|Any CPU.Build.0 = Release|Any CPU
	EndGlobalSection
	GlobalSection(SolutionProperties) = preSolution
		HideSolutionNode = FALSE
	EndGlobalSection
	GlobalSection(ExtensibilityGlobals) = postSolution
		SolutionGuid = {8319E245-AEB8-45EC-8E6F-115E1AC65D80}
	EndGlobalSection
EndGlobal
